
Microsoft Visual Studio Solution File, Format Version 12.00
# Visual Studio 15
VisualStudioVersion = 15.0.26124.0
MinimumVisualStudioVersion = 15.0.26124.0
Project("{FAE04EC0-301F-11D3-BF4B-00C04F79EFBC}") = "quotable.console", "quotable.console\quotable.console.csproj", "{2A276E96-88CD-4614-BFDA-56BBA0D87601}"
EndProject
Project("{FAE04EC0-301F-11D3-BF4B-00C04F79EFBC}") = "quotable.core", "quotable.core\quotable.core.csproj", "{0FBB0E82-4C1C-4E1F-B6B1-CAEDF3D4146A}"
EndProject
Global
	GlobalSection(SolutionConfigurationPlatforms) = preSolution
		Debug|Any CPU = Debug|Any CPU
		Debug|x64 = Debug|x64
		Debug|x86 = Debug|x86
		Release|Any CPU = Release|Any CPU
		Release|x64 = Release|x64
		Release|x86 = Release|x86
	EndGlobalSection
	GlobalSection(SolutionProperties) = preSolution
		HideSolutionNode = FALSE
	EndGlobalSection
	GlobalSection(ProjectConfigurationPlatforms) = postSolution
		{2A276E96-88CD-4614-BFDA-56BBA0D87601}.Debug|Any CPU.ActiveCfg = Debug|Any CPU
		{2A276E96-88CD-4614-BFDA-56BBA0D87601}.Debug|Any CPU.Build.0 = Debug|Any CPU
		{2A276E96-88CD-4614-BFDA-56BBA0D87601}.Debug|x64.ActiveCfg = Debug|Any CPU
		{2A276E96-88CD-4614-BFDA-56BBA0D87601}.Debug|x64.Build.0 = Debug|Any CPU
		{2A276E96-88CD-4614-BFDA-56BBA0D87601}.Debug|x86.ActiveCfg = Debug|Any CPU
		{2A276E96-88CD-4614-BFDA-56BBA0D87601}.Debug|x86.Build.0 = Debug|Any CPU
		{2A276E96-88CD-4614-BFDA-56BBA0D87601}.Release|Any CPU.ActiveCfg = Release|Any CPU
		{2A276E96-88CD-4614-BFDA-56BBA0D87601}.Release|Any CPU.Build.0 = Release|Any CPU
		{2A276E96-88CD-4614-BFDA-56BBA0D87601}.Release|x64.ActiveCfg = Release|Any CPU
		{2A276E96-88CD-4614-BFDA-56BBA0D87601}.Release|x64.Build.0 = Release|Any CPU
		{2A276E96-88CD-4614-BFDA-56BBA0D87601}.Release|x86.ActiveCfg = Release|Any CPU
		{2A276E96-88CD-4614-BFDA-56BBA0D87601}.Release|x86.Build.0 = Release|Any CPU
		{0FBB0E82-4C1C-4E1F-B6B1-CAEDF3D4146A}.Debug|Any CPU.ActiveCfg = Debug|Any CPU
		{0FBB0E82-4C1C-4E1F-B6B1-CAEDF3D4146A}.Debug|Any CPU.Build.0 = Debug|Any CPU
		{0FBB0E82-4C1C-4E1F-B6B1-CAEDF3D4146A}.Debug|x64.ActiveCfg = Debug|Any CPU
		{0FBB0E82-4C1C-4E1F-B6B1-CAEDF3D4146A}.Debug|x64.Build.0 = Debug|Any CPU
		{0FBB0E82-4C1C-4E1F-B6B1-CAEDF3D4146A}.Debug|x86.ActiveCfg = Debug|Any CPU
		{0FBB0E82-4C1C-4E1F-B6B1-CAEDF3D4146A}.Debug|x86.Build.0 = Debug|Any CPU
		{0FBB0E82-4C1C-4E1F-B6B1-CAEDF3D4146A}.Release|Any CPU.ActiveCfg = Release|Any CPU
		{0FBB0E82-4C1C-4E1F-B6B1-CAEDF3D4146A}.Release|Any CPU.Build.0 = Release|Any CPU
		{0FBB0E82-4C1C-4E1F-B6B1-CAEDF3D4146A}.Release|x64.ActiveCfg = Release|Any CPU
		{0FBB0E82-4C1C-4E1F-B6B1-CAEDF3D4146A}.Release|x64.Build.0 = Release|Any CPU
		{0FBB0E82-4C1C-4E1F-B6B1-CAEDF3D4146A}.Release|x86.ActiveCfg = Release|Any CPU
		{0FBB0E82-4C1C-4E1F-B6B1-CAEDF3D4146A}.Release|x86.Build.0 = Release|Any CPU
	EndGlobalSection
EndGlobal
